
Microsoft Visual Studio Solution File, Format Version 12.00
# Visual Studio Version 17
VisualStudioVersion = 17.4.32804.182
MinimumVisualStudioVersion = 10.0.40219.1
Project("{FAE04EC0-301F-11D3-BF4B-00C04F79EFBC}") = "ConsoleApp2", "ConsoleApp2\ConsoleApp2.csproj", "{19908CAC-1A08-4B3A-AFC5-67FC86333290}"
EndProject
Global
	GlobalSection(SolutionConfigurationPlatforms) = preSolution
		Debug|Any CPU = Debug|Any CPU
		Release|Any CPU = Release|Any CPU
	EndGlobalSection
	GlobalSection(ProjectConfigurationPlatforms) = postSolution
		{19908CAC-1A08-4B3A-AFC5-67FC86333290}.Debug|Any CPU.ActiveCfg = Debug|Any CPU
		{19908CAC-1A08-4B3A-AFC5-67FC86333290}.Debug|Any CPU.Build.0 = Debug|Any CPU
		{19908CAC-1A08-4B3A-AFC5-67FC86333290}.Release|Any CPU.ActiveCfg = Release|Any CPU
		{19908CAC-1A08-4B3A-AFC5-67FC86333290}.Release|Any CPU.Build.0 = Release|Any CPU
	EndGlobalSection
	GlobalSection(SolutionProperties) = preSolution
		HideSolutionNode = FALSE
	EndGlobalSection
	GlobalSection(ExtensibilityGlobals) = postSolution
		SolutionGuid = {35FE4667-946C-4105-A6E3-886566D791FE}
	EndGlobalSection
EndGlobal
